# This file is automatically @generated by Poetry 2.1.1 and should not be changed by hand.

[[package]]
name = "annotated-types"
version = "0.6.0"
description = "Reusable constraint types to use with typing.Annotated"
optional = false
python-versions = ">=3.8"
groups = ["dev"]
files = [
    {file = "annotated_types-0.6.0-py3-none-any.whl", hash = "sha256:0641064de18ba7a25dee8f96403ebc39113d0cb953a01429249d5c7564666a43"},
    {file = "annotated_types-0.6.0.tar.gz", hash = "sha256:563339e807e53ffd9c267e99fc6d9ea23eb8443c08f112651963e24e22f84a5d"},
]

[[package]]
name = "attrs"
version = "23.2.0"
description = "Classes Without Boilerplate"
optional = false
python-versions = ">=3.7"
groups = ["dev"]
files = [
    {file = "attrs-23.2.0-py3-none-any.whl", hash = "sha256:99b87a485a5820b23b879f04c2305b44b951b502fd64be915879d77a7e8fc6f1"},
    {file = "attrs-23.2.0.tar.gz", hash = "sha256:935dc3b529c262f6cf76e50877d35a4bd3c1de194fd41f47a2b7ae8f19971f30"},
]

[package.extras]
cov = ["attrs[tests]", "coverage[toml] (>=5.3)"]
dev = ["attrs[tests]", "pre-commit"]
docs = ["furo", "myst-parser", "sphinx", "sphinx-notfound-page", "sphinxcontrib-towncrier", "towncrier", "zope-interface"]
tests = ["attrs[tests-no-zope]", "zope-interface"]
tests-mypy = ["mypy (>=1.6) ; platform_python_implementation == \"CPython\" and python_version >= \"3.8\"", "pytest-mypy-plugins ; platform_python_implementation == \"CPython\" and python_version >= \"3.8\""]
tests-no-zope = ["attrs[tests-mypy]", "cloudpickle ; platform_python_implementation == \"CPython\"", "hypothesis", "pympler", "pytest (>=4.3.0)", "pytest-xdist[psutil]"]

[[package]]
name = "autoflake"
version = "2.3.1"
description = "Removes unused imports and unused variables"
optional = false
python-versions = ">=3.8"
groups = ["dev"]
files = [
    {file = "autoflake-2.3.1-py3-none-any.whl", hash = "sha256:3ae7495db9084b7b32818b4140e6dc4fc280b712fb414f5b8fe57b0a8e85a840"},
    {file = "autoflake-2.3.1.tar.gz", hash = "sha256:c98b75dc5b0a86459c4f01a1d32ac7eb4338ec4317a4469515ff1e687ecd909e"},
]

[package.dependencies]
pyflakes = ">=3.0.0"

[[package]]
name = "autoimport"
version = "1.6.1"
description = "Autoimport missing python libraries."
optional = false
python-versions = ">=3.8"
groups = ["dev"]
files = [
    {file = "autoimport-1.6.1-py3-none-any.whl", hash = "sha256:8f9914576b07d408f2303783fe4fe85b8f9ef48f3771563810f4ea4a42c72af5"},
    {file = "autoimport-1.6.1.tar.gz", hash = "sha256:0c8b2656209a003fc7e2b6805c5e91770651cbe1e60edf1aaa14beae2405ae26"},
]

[package.dependencies]
autoflake = ">=1.4"
click = ">=8.1.3"
maison = ">=1.4.0,<2.0.0"
pyprojroot = ">=0.2.0"
sh = ">=1.14.2"
xdg = ">=6.0.0"

[[package]]
name = "black"
version = "25.1.0"
description = "The uncompromising code formatter."
optional = false
python-versions = ">=3.9"
groups = ["dev"]
files = [
    {file = "black-25.1.0-cp310-cp310-macosx_10_9_x86_64.whl", hash = "sha256:759e7ec1e050a15f89b770cefbf91ebee8917aac5c20483bc2d80a6c3a04df32"},
    {file = "black-25.1.0-cp310-cp310-macosx_11_0_arm64.whl", hash = "sha256:0e519ecf93120f34243e6b0054db49c00a35f84f195d5bce7e9f5cfc578fc2da"},
    {file = "black-25.1.0-cp310-cp310-manylinux_2_17_x86_64.manylinux2014_x86_64.manylinux_2_28_x86_64.whl", hash = "sha256:055e59b198df7ac0b7efca5ad7ff2516bca343276c466be72eb04a3bcc1f82d7"},
    {file = "black-25.1.0-cp310-cp310-win_amd64.whl", hash = "sha256:db8ea9917d6f8fc62abd90d944920d95e73c83a5ee3383493e35d271aca872e9"},
    {file = "black-25.1.0-cp311-cp311-macosx_10_9_x86_64.whl", hash = "sha256:a39337598244de4bae26475f77dda852ea00a93bd4c728e09eacd827ec929df0"},
    {file = "black-25.1.0-cp311-cp311-macosx_11_0_arm64.whl", hash = "sha256:96c1c7cd856bba8e20094e36e0f948718dc688dba4a9d78c3adde52b9e6c2299"},
    {file = "black-25.1.0-cp311-cp311-manylinux_2_17_x86_64.manylinux2014_x86_64.manylinux_2_28_x86_64.whl", hash = "sha256:bce2e264d59c91e52d8000d507eb20a9aca4a778731a08cfff7e5ac4a4bb7096"},
    {file = "black-25.1.0-cp311-cp311-win_amd64.whl", hash = "sha256:172b1dbff09f86ce6f4eb8edf9dede08b1fce58ba194c87d7a4f1a5aa2f5b3c2"},
    {file = "black-25.1.0-cp312-cp312-macosx_10_13_x86_64.whl", hash = "sha256:4b60580e829091e6f9238c848ea6750efed72140b91b048770b64e74fe04908b"},
    {file = "black-25.1.0-cp312-cp312-macosx_11_0_arm64.whl", hash = "sha256:1e2978f6df243b155ef5fa7e558a43037c3079093ed5d10fd84c43900f2d8ecc"},
    {file = "black-25.1.0-cp312-cp312-manylinux_2_17_x86_64.manylinux2014_x86_64.manylinux_2_28_x86_64.whl", hash = "sha256:3b48735872ec535027d979e8dcb20bf4f70b5ac75a8ea99f127c106a7d7aba9f"},
    {file = "black-25.1.0-cp312-cp312-win_amd64.whl", hash = "sha256:ea0213189960bda9cf99be5b8c8ce66bb054af5e9e861249cd23471bd7b0b3ba"},
    {file = "black-25.1.0-cp313-cp313-macosx_10_13_x86_64.whl", hash = "sha256:8f0b18a02996a836cc9c9c78e5babec10930862827b1b724ddfe98ccf2f2fe4f"},
    {file = "black-25.1.0-cp313-cp313-macosx_11_0_arm64.whl", hash = "sha256:afebb7098bfbc70037a053b91ae8437c3857482d3a690fefc03e9ff7aa9a5fd3"},
    {file = "black-25.1.0-cp313-cp313-manylinux_2_17_x86_64.manylinux2014_x86_64.manylinux_2_28_x86_64.whl", hash = "sha256:030b9759066a4ee5e5aca28c3c77f9c64789cdd4de8ac1df642c40b708be6171"},
    {file = "black-25.1.0-cp313-cp313-win_amd64.whl", hash = "sha256:a22f402b410566e2d1c950708c77ebf5ebd5d0d88a6a2e87c86d9fb48afa0d18"},
    {file = "black-25.1.0-cp39-cp39-macosx_10_9_x86_64.whl", hash = "sha256:a1ee0a0c330f7b5130ce0caed9936a904793576ef4d2b98c40835d6a65afa6a0"},
    {file = "black-25.1.0-cp39-cp39-macosx_11_0_arm64.whl", hash = "sha256:f3df5f1bf91d36002b0a75389ca8663510cf0531cca8aa5c1ef695b46d98655f"},
    {file = "black-25.1.0-cp39-cp39-manylinux_2_17_x86_64.manylinux2014_x86_64.manylinux_2_28_x86_64.whl", hash = "sha256:d9e6827d563a2c820772b32ce8a42828dc6790f095f441beef18f96aa6f8294e"},
    {file = "black-25.1.0-cp39-cp39-win_amd64.whl", hash = "sha256:bacabb307dca5ebaf9c118d2d2f6903da0d62c9faa82bd21a33eecc319559355"},
    {file = "black-25.1.0-py3-none-any.whl", hash = "sha256:95e8176dae143ba9097f351d174fdaf0ccd29efb414b362ae3fd72bf0f710717"},
    {file = "black-25.1.0.tar.gz", hash = "sha256:33496d5cd1222ad73391352b4ae8da15253c5de89b93a80b3e2c8d9a19ec2666"},
]

[package.dependencies]
click = ">=8.0.0"
mypy-extensions = ">=0.4.3"
packaging = ">=22.0"
pathspec = ">=0.9.0"
platformdirs = ">=2"

[package.extras]
colorama = ["colorama (>=0.4.3)"]
d = ["aiohttp (>=3.10)"]
jupyter = ["ipython (>=7.8.0)", "tokenize-rt (>=3.2.0)"]
uvloop = ["uvloop (>=0.15.2)"]

[[package]]
name = "click"
version = "8.1.7"
description = "Composable command line interface toolkit"
optional = false
python-versions = ">=3.7"
groups = ["dev"]
files = [
    {file = "click-8.1.7-py3-none-any.whl", hash = "sha256:ae74fb96c20a0277a1d615f1e4d73c8414f5a98db8b799a7931d1582f3390c28"},
    {file = "click-8.1.7.tar.gz", hash = "sha256:ca9853ad459e787e2192211578cc907e7594e294c7ccc834310722b41b9ca6de"},
]

[package.dependencies]
colorama = {version = "*", markers = "platform_system == \"Windows\""}

[[package]]
name = "colorama"
version = "0.4.6"
description = "Cross-platform colored terminal text."
optional = false
python-versions = "!=3.0.*,!=3.1.*,!=3.2.*,!=3.3.*,!=3.4.*,!=3.5.*,!=3.6.*,>=2.7"
groups = ["dev"]
markers = "platform_system == \"Windows\" or sys_platform == \"win32\""
files = [
    {file = "colorama-0.4.6-py2.py3-none-any.whl", hash = "sha256:4f1d9991f5acc0ca119f9d443620b77f9d6b33703e51011c16baf57afb285fc6"},
    {file = "colorama-0.4.6.tar.gz", hash = "sha256:08695f5cb7ed6e0531a20572697297273c47b8cae5a63ffc6d6ed5c201be6e44"},
]

[[package]]
name = "coverage"
version = "7.9.1"
description = "Code coverage measurement for Python"
optional = false
python-versions = ">=3.9"
groups = ["dev"]
files = [
    {file = "coverage-7.9.1-cp310-cp310-macosx_10_9_x86_64.whl", hash = "sha256:cc94d7c5e8423920787c33d811c0be67b7be83c705f001f7180c7b186dcf10ca"},
    {file = "coverage-7.9.1-cp310-cp310-macosx_11_0_arm64.whl", hash = "sha256:16aa0830d0c08a2c40c264cef801db8bc4fc0e1892782e45bcacbd5889270509"},
    {file = "coverage-7.9.1-cp310-cp310-manylinux_2_17_aarch64.manylinux2014_aarch64.whl", hash = "sha256:cf95981b126f23db63e9dbe4cf65bd71f9a6305696fa5e2262693bc4e2183f5b"},
    {file = "coverage-7.9.1-cp310-cp310-manylinux_2_5_i686.manylinux1_i686.manylinux_2_17_i686.manylinux2014_i686.whl", hash = "sha256:f05031cf21699785cd47cb7485f67df619e7bcdae38e0fde40d23d3d0210d3c3"},
    {file = "coverage-7.9.1-cp310-cp310-manylinux_2_5_x86_64.manylinux1_x86_64.manylinux_2_17_x86_64.manylinux2014_x86_64.whl", hash = "sha256:bb4fbcab8764dc072cb651a4bcda4d11fb5658a1d8d68842a862a6610bd8cfa3"},
    {file = "coverage-7.9.1-cp310-cp310-musllinux_1_2_aarch64.whl", hash = "sha256:0f16649a7330ec307942ed27d06ee7e7a38417144620bb3d6e9a18ded8a2d3e5"},
    {file = "coverage-7.9.1-cp310-cp310-musllinux_1_2_i686.whl", hash = "sha256:cea0a27a89e6432705fffc178064503508e3c0184b4f061700e771a09de58187"},
    {file = "coverage-7.9.1-cp310-cp310-musllinux_1_2_x86_64.whl", hash = "sha256:e980b53a959fa53b6f05343afbd1e6f44a23ed6c23c4b4c56c6662bbb40c82ce"},
    {file = "coverage-7.9.1-cp310-cp310-win32.whl", hash = "sha256:70760b4c5560be6ca70d11f8988ee6542b003f982b32f83d5ac0b72476607b70"},
    {file = "coverage-7.9.1-cp310-cp310-win_amd64.whl", hash = "sha256:a66e8f628b71f78c0e0342003d53b53101ba4e00ea8dabb799d9dba0abbbcebe"},
    {file = "coverage-7.9.1-cp311-cp311-macosx_10_9_x86_64.whl", hash = "sha256:95c765060e65c692da2d2f51a9499c5e9f5cf5453aeaf1420e3fc847cc060582"},
    {file = "coverage-7.9.1-cp311-cp311-macosx_11_0_arm64.whl", hash = "sha256:ba383dc6afd5ec5b7a0d0c23d38895db0e15bcba7fb0fa8901f245267ac30d86"},
    {file = "coverage-7.9.1-cp311-cp311-manylinux_2_17_aarch64.manylinux2014_aarch64.whl", hash = "sha256:37ae0383f13cbdcf1e5e7014489b0d71cc0106458878ccde52e8a12ced4298ed"},
    {file = "coverage-7.9.1-cp311-cp311-manylinux_2_5_i686.manylinux1_i686.manylinux_2_17_i686.manylinux2014_i686.whl", hash = "sha256:69aa417a030bf11ec46149636314c24c8d60fadb12fc0ee8f10fda0d918c879d"},
    {file = "coverage-7.9.1-cp311-cp311-manylinux_2_5_x86_64.manylinux1_x86_64.manylinux_2_17_x86_64.manylinux2014_x86_64.whl", hash = "sha256:0a4be2a28656afe279b34d4f91c3e26eccf2f85500d4a4ff0b1f8b54bf807338"},
    {file = "coverage-7.9.1-cp311-cp311-musllinux_1_2_aarch64.whl", hash = "sha256:382e7ddd5289f140259b610e5f5c58f713d025cb2f66d0eb17e68d0a94278875"},
    {file = "coverage-7.9.1-cp311-cp311-musllinux_1_2_i686.whl", hash = "sha256:e5532482344186c543c37bfad0ee6069e8ae4fc38d073b8bc836fc8f03c9e250"},
    {file = "coverage-7.9.1-cp311-cp311-musllinux_1_2_x86_64.whl", hash = "sha256:a39d18b3f50cc121d0ce3838d32d58bd1d15dab89c910358ebefc3665712256c"},
    {file = "coverage-7.9.1-cp311-cp311-win32.whl", hash = "sha256:dd24bd8d77c98557880def750782df77ab2b6885a18483dc8588792247174b32"},
    {file = "coverage-7.9.1-cp311-cp311-win_amd64.whl", hash = "sha256:6b55ad10a35a21b8015eabddc9ba31eb590f54adc9cd39bcf09ff5349fd52125"},
    {file = "coverage-7.9.1-cp311-cp311-win_arm64.whl", hash = "sha256:6ad935f0016be24c0e97fc8c40c465f9c4b85cbbe6eac48934c0dc4d2568321e"},
    {file = "coverage-7.9.1-cp312-cp312-macosx_10_13_x86_64.whl", hash = "sha256:a8de12b4b87c20de895f10567639c0797b621b22897b0af3ce4b4e204a743626"},
    {file = "coverage-7.9.1-cp312-cp312-macosx_11_0_arm64.whl", hash = "sha256:5add197315a054e92cee1b5f686a2bcba60c4c3e66ee3de77ace6c867bdee7cb"},
    {file = "coverage-7.9.1-cp312-cp312-manylinux_2_17_aarch64.manylinux2014_aarch64.whl", hash = "sha256:600a1d4106fe66f41e5d0136dfbc68fe7200a5cbe85610ddf094f8f22e1b0300"},
    {file = "coverage-7.9.1-cp312-cp312-manylinux_2_5_i686.manylinux1_i686.manylinux_2_17_i686.manylinux2014_i686.whl", hash = "sha256:2a876e4c3e5a2a1715a6608906aa5a2e0475b9c0f68343c2ada98110512ab1d8"},
    {file = "coverage-7.9.1-cp312-cp312-manylinux_2_5_x86_64.manylinux1_x86_64.manylinux_2_17_x86_64.manylinux2014_x86_64.whl", hash = "sha256:81f34346dd63010453922c8e628a52ea2d2ccd73cb2487f7700ac531b247c8a5"},
    {file = "coverage-7.9.1-cp312-cp312-musllinux_1_2_aarch64.whl", hash = "sha256:888f8eee13f2377ce86d44f338968eedec3291876b0b8a7289247ba52cb984cd"},
    {file = "coverage-7.9.1-cp312-cp312-musllinux_1_2_i686.whl", hash = "sha256:9969ef1e69b8c8e1e70d591f91bbc37fc9a3621e447525d1602801a24ceda898"},
    {file = "coverage-7.9.1-cp312-cp312-musllinux_1_2_x86_64.whl", hash = "sha256:60c458224331ee3f1a5b472773e4a085cc27a86a0b48205409d364272d67140d"},
    {file = "coverage-7.9.1-cp312-cp312-win32.whl", hash = "sha256:5f646a99a8c2b3ff4c6a6e081f78fad0dde275cd59f8f49dc4eab2e394332e74"},
    {file = "coverage-7.9.1-cp312-cp312-win_amd64.whl", hash = "sha256:30f445f85c353090b83e552dcbbdad3ec84c7967e108c3ae54556ca69955563e"},
    {file = "coverage-7.9.1-cp312-cp312-win_arm64.whl", hash = "sha256:af41da5dca398d3474129c58cb2b106a5d93bbb196be0d307ac82311ca234342"},
    {file = "coverage-7.9.1-cp313-cp313-macosx_10_13_x86_64.whl", hash = "sha256:31324f18d5969feef7344a932c32428a2d1a3e50b15a6404e97cba1cc9b2c631"},
    {file = "coverage-7.9.1-cp313-cp313-macosx_11_0_arm64.whl", hash = "sha256:0c804506d624e8a20fb3108764c52e0eef664e29d21692afa375e0dd98dc384f"},
    {file = "coverage-7.9.1-cp313-cp313-manylinux_2_17_aarch64.manylinux2014_aarch64.whl", hash = "sha256:ef64c27bc40189f36fcc50c3fb8f16ccda73b6a0b80d9bd6e6ce4cffcd810bbd"},
    {file = "coverage-7.9.1-cp313-cp313-manylinux_2_5_i686.manylinux1_i686.manylinux_2_17_i686.manylinux2014_i686.whl", hash = "sha256:d4fe2348cc6ec372e25adec0219ee2334a68d2f5222e0cba9c0d613394e12d86"},
    {file = "coverage-7.9.1-cp313-cp313-manylinux_2_5_x86_64.manylinux1_x86_64.manylinux_2_17_x86_64.manylinux2014_x86_64.whl", hash = "sha256:34ed2186fe52fcc24d4561041979a0dec69adae7bce2ae8d1c49eace13e55c43"},
    {file = "coverage-7.9.1-cp313-cp313-musllinux_1_2_aarch64.whl", hash = "sha256:25308bd3d00d5eedd5ae7d4357161f4df743e3c0240fa773ee1b0f75e6c7c0f1"},
    {file = "coverage-7.9.1-cp313-cp313-musllinux_1_2_i686.whl", hash = "sha256:73e9439310f65d55a5a1e0564b48e34f5369bee943d72c88378f2d576f5a5751"},
    {file = "coverage-7.9.1-cp313-cp313-musllinux_1_2_x86_64.whl", hash = "sha256:37ab6be0859141b53aa89412a82454b482c81cf750de4f29223d52268a86de67"},
    {file = "coverage-7.9.1-cp313-cp313-win32.whl", hash = "sha256:64bdd969456e2d02a8b08aa047a92d269c7ac1f47e0c977675d550c9a0863643"},
    {file = "coverage-7.9.1-cp313-cp313-win_amd64.whl", hash = "sha256:be9e3f68ca9edb897c2184ad0eee815c635565dbe7a0e7e814dc1f7cbab92c0a"},
    {file = "coverage-7.9.1-cp313-cp313-win_arm64.whl", hash = "sha256:1c503289ffef1d5105d91bbb4d62cbe4b14bec4d13ca225f9c73cde9bb46207d"},
    {file = "coverage-7.9.1-cp313-cp313t-macosx_10_13_x86_64.whl", hash = "sha256:0b3496922cb5f4215bf5caaef4cf12364a26b0be82e9ed6d050f3352cf2d7ef0"},
    {file = "coverage-7.9.1-cp313-cp313t-macosx_11_0_arm64.whl", hash = "sha256:9565c3ab1c93310569ec0d86b017f128f027cab0b622b7af288696d7ed43a16d"},
    {file = "coverage-7.9.1-cp313-cp313t-manylinux_2_17_aarch64.manylinux2014_aarch64.whl", hash = "sha256:2241ad5dbf79ae1d9c08fe52b36d03ca122fb9ac6bca0f34439e99f8327ac89f"},
    {file = "coverage-7.9.1-cp313-cp313t-manylinux_2_5_i686.manylinux1_i686.manylinux_2_17_i686.manylinux2014_i686.whl", hash = "sha256:3bb5838701ca68b10ebc0937dbd0eb81974bac54447c55cd58dea5bca8451029"},
    {file = "coverage-7.9.1-cp313-cp313t-manylinux_2_5_x86_64.manylinux1_x86_64.manylinux_2_17_x86_64.manylinux2014_x86_64.whl", hash = "sha256:b30a25f814591a8c0c5372c11ac8967f669b97444c47fd794926e175c4047ece"},
    {file = "coverage-7.9.1-cp313-cp313t-musllinux_1_2_aarch64.whl", hash = "sha256:2d04b16a6062516df97969f1ae7efd0de9c31eb6ebdceaa0d213b21c0ca1a683"},
    {file = "coverage-7.9.1-cp313-cp313t-musllinux_1_2_i686.whl", hash = "sha256:7931b9e249edefb07cd6ae10c702788546341d5fe44db5b6108a25da4dca513f"},
    {file = "coverage-7.9.1-cp313-cp313t-musllinux_1_2_x86_64.whl", hash = "sha256:52e92b01041151bf607ee858e5a56c62d4b70f4dac85b8c8cb7fb8a351ab2c10"},
    {file = "coverage-7.9.1-cp313-cp313t-win32.whl", hash = "sha256:684e2110ed84fd1ca5f40e89aa44adf1729dc85444004111aa01866507adf363"},
    {file = "coverage-7.9.1-cp313-cp313t-win_amd64.whl", hash = "sha256:437c576979e4db840539674e68c84b3cda82bc824dd138d56bead1435f1cb5d7"},
    {file = "coverage-7.9.1-cp313-cp313t-win_arm64.whl", hash = "sha256:18a0912944d70aaf5f399e350445738a1a20b50fbea788f640751c2ed9208b6c"},
    {file = "coverage-7.9.1-cp39-cp39-macosx_10_9_x86_64.whl", hash = "sha256:6f424507f57878e424d9a95dc4ead3fbdd72fd201e404e861e465f28ea469951"},
    {file = "coverage-7.9.1-cp39-cp39-macosx_11_0_arm64.whl", hash = "sha256:535fde4001b2783ac80865d90e7cc7798b6b126f4cd8a8c54acfe76804e54e58"},
    {file = "coverage-7.9.1-cp39-cp39-manylinux_2_17_aarch64.manylinux2014_aarch64.whl", hash = "sha256:02532fd3290bb8fa6bec876520842428e2a6ed6c27014eca81b031c2d30e3f71"},
    {file = "coverage-7.9.1-cp39-cp39-manylinux_2_5_i686.manylinux1_i686.manylinux_2_17_i686.manylinux2014_i686.whl", hash = "sha256:56f5eb308b17bca3bbff810f55ee26d51926d9f89ba92707ee41d3c061257e55"},
    {file = "coverage-7.9.1-cp39-cp39-manylinux_2_5_x86_64.manylinux1_x86_64.manylinux_2_17_x86_64.manylinux2014_x86_64.whl", hash = "sha256:bfa447506c1a52271f1b0de3f42ea0fa14676052549095e378d5bff1c505ff7b"},
    {file = "coverage-7.9.1-cp39-cp39-musllinux_1_2_aarch64.whl", hash = "sha256:9ca8e220006966b4a7b68e8984a6aee645a0384b0769e829ba60281fe61ec4f7"},
    {file = "coverage-7.9.1-cp39-cp39-musllinux_1_2_i686.whl", hash = "sha256:49f1d0788ba5b7ba65933f3a18864117c6506619f5ca80326b478f72acf3f385"},
    {file = "coverage-7.9.1-cp39-cp39-musllinux_1_2_x86_64.whl", hash = "sha256:68cd53aec6f45b8e4724c0950ce86eacb775c6be01ce6e3669fe4f3a21e768ed"},
    {file = "coverage-7.9.1-cp39-cp39-win32.whl", hash = "sha256:95335095b6c7b1cc14c3f3f17d5452ce677e8490d101698562b2ffcacc304c8d"},
    {file = "coverage-7.9.1-cp39-cp39-win_amd64.whl", hash = "sha256:e1b5191d1648acc439b24721caab2fd0c86679d8549ed2c84d5a7ec1bedcc244"},
    {file = "coverage-7.9.1-pp39.pp310.pp311-none-any.whl", hash = "sha256:db0f04118d1db74db6c9e1cb1898532c7dcc220f1d2718f058601f7c3f499514"},
    {file = "coverage-7.9.1-py3-none-any.whl", hash = "sha256:66b974b145aa189516b6bf2d8423e888b742517d37872f6ee4c5be0073bd9a3c"},
    {file = "coverage-7.9.1.tar.gz", hash = "sha256:6cf43c78c4282708a28e466316935ec7489a9c487518a77fa68f716c67909cec"},
]

[package.extras]
toml = ["tomli ; python_full_version <= \"3.11.0a6\""]

[[package]]
name = "flake8"
version = "7.1.2"
description = "the modular source code checker: pep8 pyflakes and co"
optional = false
python-versions = ">=3.8.1"
groups = ["dev"]
files = [
    {file = "flake8-7.1.2-py2.py3-none-any.whl", hash = "sha256:1cbc62e65536f65e6d754dfe6f1bada7f5cf392d6f5db3c2b85892466c3e7c1a"},
    {file = "flake8-7.1.2.tar.gz", hash = "sha256:c586ffd0b41540951ae41af572e6790dbd49fc12b3aa2541685d253d9bd504bd"},
]

[package.dependencies]
mccabe = ">=0.7.0,<0.8.0"
pycodestyle = ">=2.12.0,<2.13.0"
pyflakes = ">=3.2.0,<3.3.0"

[[package]]
name = "flake8-bugbear"
version = "24.12.12"
description = "A plugin for flake8 finding likely bugs and design problems in your program. Contains warnings that don't belong in pyflakes and pycodestyle."
optional = false
python-versions = ">=3.8.1"
groups = ["dev"]
files = [
    {file = "flake8_bugbear-24.12.12-py3-none-any.whl", hash = "sha256:1b6967436f65ca22a42e5373aaa6f2d87966ade9aa38d4baf2a1be550767545e"},
    {file = "flake8_bugbear-24.12.12.tar.gz", hash = "sha256:46273cef0a6b6ff48ca2d69e472f41420a42a46e24b2a8972e4f0d6733d12a64"},
]

[package.dependencies]
attrs = ">=22.2.0"
flake8 = ">=6.0.0"

[package.extras]
dev = ["coverage", "hypothesis", "hypothesmith (>=0.2)", "pre-commit", "pytest", "tox"]

[[package]]
name = "iniconfig"
version = "2.0.0"
description = "brain-dead simple config-ini parsing"
optional = false
python-versions = ">=3.7"
groups = ["dev"]
files = [
    {file = "iniconfig-2.0.0-py3-none-any.whl", hash = "sha256:b6a85871a79d2e3b22d2d1b94ac2824226a63c6b741c88f7ae975f18b6778374"},
    {file = "iniconfig-2.0.0.tar.gz", hash = "sha256:2d91e135bf72d31a410b17c16da610a82cb55f6b0477d1a902134b24a455b8b3"},
]

[[package]]
name = "isort"
version = "6.0.1"
description = "A Python utility / library to sort Python imports."
optional = false
python-versions = ">=3.9.0"
groups = ["dev"]
files = [
    {file = "isort-6.0.1-py3-none-any.whl", hash = "sha256:2dc5d7f65c9678d94c88dfc29161a320eec67328bc97aad576874cb4be1e9615"},
    {file = "isort-6.0.1.tar.gz", hash = "sha256:1cb5df28dfbc742e490c5e41bad6da41b805b0a8be7bc93cd0fb2a8a890ac450"},
]

[package.extras]
colors = ["colorama"]
plugins = ["setuptools"]

[[package]]
name = "maison"
version = "1.4.3"
description = "Read settings from config files"
optional = false
python-versions = ">=3.7.1,<4.0.0"
groups = ["dev"]
files = [
    {file = "maison-1.4.3-py3-none-any.whl", hash = "sha256:a36208d0befb3bd8aa3b002ac198ce6f6e61efe568b195132640f4032eff46ac"},
    {file = "maison-1.4.3.tar.gz", hash = "sha256:766222ce82ae27138256c4af9d0bc6b3226288349601e095dcc567884cf0ce36"},
]

[package.dependencies]
click = ">=8.0.1,<9.0.0"
pydantic = ">=2.5.3,<3.0.0"
toml = ">=0.10.2,<0.11.0"

[[package]]
name = "mccabe"
version = "0.7.0"
description = "McCabe checker, plugin for flake8"
optional = false
python-versions = ">=3.6"
groups = ["dev"]
files = [
    {file = "mccabe-0.7.0-py2.py3-none-any.whl", hash = "sha256:6c2d30ab6be0e4a46919781807b4f0d834ebdd6c6e3dca0bda5a15f863427b6e"},
    {file = "mccabe-0.7.0.tar.gz", hash = "sha256:348e0240c33b60bbdf4e523192ef919f28cb2c3d7d5c7794f74009290f236325"},
]

[[package]]
name = "mypy"
version = "1.16.1"
description = "Optional static typing for Python"
optional = false
python-versions = ">=3.9"
groups = ["dev"]
files = [
    {file = "mypy-1.16.1-cp310-cp310-macosx_10_9_x86_64.whl", hash = "sha256:b4f0fed1022a63c6fec38f28b7fc77fca47fd490445c69d0a66266c59dd0b88a"},
    {file = "mypy-1.16.1-cp310-cp310-macosx_11_0_arm64.whl", hash = "sha256:86042bbf9f5a05ea000d3203cf87aa9d0ccf9a01f73f71c58979eb9249f46d72"},
    {file = "mypy-1.16.1-cp310-cp310-manylinux_2_17_aarch64.manylinux2014_aarch64.manylinux_2_28_aarch64.whl", hash = "sha256:ea7469ee5902c95542bea7ee545f7006508c65c8c54b06dc2c92676ce526f3ea"},
    {file = "mypy-1.16.1-cp310-cp310-manylinux_2_17_x86_64.manylinux2014_x86_64.manylinux_2_28_x86_64.whl", hash = "sha256:352025753ef6a83cb9e7f2427319bb7875d1fdda8439d1e23de12ab164179574"},
    {file = "mypy-1.16.1-cp310-cp310-musllinux_1_2_x86_64.whl", hash = "sha256:ff9fa5b16e4c1364eb89a4d16bcda9987f05d39604e1e6c35378a2987c1aac2d"},
    {file = "mypy-1.16.1-cp310-cp310-win_amd64.whl", hash = "sha256:1256688e284632382f8f3b9e2123df7d279f603c561f099758e66dd6ed4e8bd6"},
    {file = "mypy-1.16.1-cp311-cp311-macosx_10_9_x86_64.whl", hash = "sha256:472e4e4c100062488ec643f6162dd0d5208e33e2f34544e1fc931372e806c0cc"},
    {file = "mypy-1.16.1-cp311-cp311-macosx_11_0_arm64.whl", hash = "sha256:ea16e2a7d2714277e349e24d19a782a663a34ed60864006e8585db08f8ad1782"},
    {file = "mypy-1.16.1-cp311-cp311-manylinux_2_17_aarch64.manylinux2014_aarch64.manylinux_2_28_aarch64.whl", hash = "sha256:08e850ea22adc4d8a4014651575567b0318ede51e8e9fe7a68f25391af699507"},
    {file = "mypy-1.16.1-cp311-cp311-manylinux_2_17_x86_64.manylinux2014_x86_64.manylinux_2_28_x86_64.whl", hash = "sha256:22d76a63a42619bfb90122889b903519149879ddbf2ba4251834727944c8baca"},
    {file = "mypy-1.16.1-cp311-cp311-musllinux_1_2_x86_64.whl", hash = "sha256:2c7ce0662b6b9dc8f4ed86eb7a5d505ee3298c04b40ec13b30e572c0e5ae17c4"},
    {file = "mypy-1.16.1-cp311-cp311-win_amd64.whl", hash = "sha256:211287e98e05352a2e1d4e8759c5490925a7c784ddc84207f4714822f8cf99b6"},
    {file = "mypy-1.16.1-cp312-cp312-macosx_10_13_x86_64.whl", hash = "sha256:af4792433f09575d9eeca5c63d7d90ca4aeceda9d8355e136f80f8967639183d"},
    {file = "mypy-1.16.1-cp312-cp312-macosx_11_0_arm64.whl", hash = "sha256:66df38405fd8466ce3517eda1f6640611a0b8e70895e2a9462d1d4323c5eb4b9"},
    {file = "mypy-1.16.1-cp312-cp312-manylinux_2_17_aarch64.manylinux2014_aarch64.manylinux_2_28_aarch64.whl", hash = "sha256:44e7acddb3c48bd2713994d098729494117803616e116032af192871aed80b79"},
    {file = "mypy-1.16.1-cp312-cp312-manylinux_2_17_x86_64.manylinux2014_x86_64.manylinux_2_28_x86_64.whl", hash = "sha256:0ab5eca37b50188163fa7c1b73c685ac66c4e9bdee4a85c9adac0e91d8895e15"},
    {file = "mypy-1.16.1-cp312-cp312-musllinux_1_2_x86_64.whl", hash = "sha256:dedb6229b2c9086247e21a83c309754b9058b438704ad2f6807f0d8227f6ebdd"},
    {file = "mypy-1.16.1-cp312-cp312-win_amd64.whl", hash = "sha256:1f0435cf920e287ff68af3d10a118a73f212deb2ce087619eb4e648116d1fe9b"},
    {file = "mypy-1.16.1-cp313-cp313-macosx_10_13_x86_64.whl", hash = "sha256:ddc91eb318c8751c69ddb200a5937f1232ee8efb4e64e9f4bc475a33719de438"},
    {file = "mypy-1.16.1-cp313-cp313-macosx_11_0_arm64.whl", hash = "sha256:87ff2c13d58bdc4bbe7dc0dedfe622c0f04e2cb2a492269f3b418df2de05c536"},
    {file = "mypy-1.16.1-cp313-cp313-manylinux_2_17_aarch64.manylinux2014_aarch64.manylinux_2_28_aarch64.whl", hash = "sha256:0a7cfb0fe29fe5a9841b7c8ee6dffb52382c45acdf68f032145b75620acfbd6f"},
    {file = "mypy-1.16.1-cp313-cp313-manylinux_2_17_x86_64.manylinux2014_x86_64.manylinux_2_28_x86_64.whl", hash = "sha256:051e1677689c9d9578b9c7f4d206d763f9bbd95723cd1416fad50db49d52f359"},
    {file = "mypy-1.16.1-cp313-cp313-musllinux_1_2_x86_64.whl", hash = "sha256:d5d2309511cc56c021b4b4e462907c2b12f669b2dbeb68300110ec27723971be"},
    {file = "mypy-1.16.1-cp313-cp313-win_amd64.whl", hash = "sha256:4f58ac32771341e38a853c5d0ec0dfe27e18e27da9cdb8bbc882d2249c71a3ee"},
    {file = "mypy-1.16.1-cp39-cp39-macosx_10_9_x86_64.whl", hash = "sha256:7fc688329af6a287567f45cc1cefb9db662defeb14625213a5b7da6e692e2069"},
    {file = "mypy-1.16.1-cp39-cp39-macosx_11_0_arm64.whl", hash = "sha256:5e198ab3f55924c03ead626ff424cad1732d0d391478dfbf7bb97b34602395da"},
    {file = "mypy-1.16.1-cp39-cp39-manylinux_2_17_aarch64.manylinux2014_aarch64.manylinux_2_28_aarch64.whl", hash = "sha256:09aa4f91ada245f0a45dbc47e548fd94e0dd5a8433e0114917dc3b526912a30c"},
    {file = "mypy-1.16.1-cp39-cp39-manylinux_2_17_x86_64.manylinux2014_x86_64.manylinux_2_28_x86_64.whl", hash = "sha256:13c7cd5b1cb2909aa318a90fd1b7e31f17c50b242953e7dd58345b2a814f6383"},
    {file = "mypy-1.16.1-cp39-cp39-musllinux_1_2_x86_64.whl", hash = "sha256:58e07fb958bc5d752a280da0e890c538f1515b79a65757bbdc54252ba82e0b40"},
    {file = "mypy-1.16.1-cp39-cp39-win_amd64.whl", hash = "sha256:f895078594d918f93337a505f8add9bd654d1a24962b4c6ed9390e12531eb31b"},
    {file = "mypy-1.16.1-py3-none-any.whl", hash = "sha256:5fc2ac4027d0ef28d6ba69a0343737a23c4d1b83672bf38d1fe237bdc0643b37"},
    {file = "mypy-1.16.1.tar.gz", hash = "sha256:6bd00a0a2094841c5e47e7374bb42b83d64c527a502e3334e1173a0c24437bab"},
]

[package.dependencies]
mypy_extensions = ">=1.0.0"
pathspec = ">=0.9.0"
typing_extensions = ">=4.6.0"

[package.extras]
dmypy = ["psutil (>=4.0)"]
faster-cache = ["orjson"]
install-types = ["pip"]
mypyc = ["setuptools (>=50)"]
reports = ["lxml"]

[[package]]
name = "mypy-extensions"
version = "1.0.0"
description = "Type system extensions for programs checked with the mypy type checker."
optional = false
python-versions = ">=3.5"
groups = ["dev"]
files = [
    {file = "mypy_extensions-1.0.0-py3-none-any.whl", hash = "sha256:4392f6c0eb8a5668a69e23d168ffa70f0be9ccfd32b5cc2d26a34ae5b844552d"},
    {file = "mypy_extensions-1.0.0.tar.gz", hash = "sha256:75dbf8955dc00442a438fc4d0666508a9a97b6bd41aa2f0ffe9d2f2725af0782"},
]

[[package]]
name = "packaging"
version = "23.2"
description = "Core utilities for Python packages"
optional = false
python-versions = ">=3.7"
groups = ["dev"]
files = [
    {file = "packaging-23.2-py3-none-any.whl", hash = "sha256:8c491190033a9af7e1d931d0b5dacc2ef47509b34dd0de67ed209b5203fc88c7"},
    {file = "packaging-23.2.tar.gz", hash = "sha256:048fb0e9405036518eaaf48a55953c750c11e1a1b68e0dd1a9d62ed0c092cfc5"},
]

[[package]]
name = "pathspec"
version = "0.12.1"
description = "Utility library for gitignore style pattern matching of file paths."
optional = false
python-versions = ">=3.8"
groups = ["dev"]
files = [
    {file = "pathspec-0.12.1-py3-none-any.whl", hash = "sha256:a0d503e138a4c123b27490a4f7beda6a01c6f288df0e4a8b79c7eb0dc7b4cc08"},
    {file = "pathspec-0.12.1.tar.gz", hash = "sha256:a482d51503a1ab33b1c67a6c3813a26953dbdc71c31dacaef9a838c4e29f5712"},
]

[[package]]
name = "platformdirs"
version = "4.1.0"
description = "A small Python package for determining appropriate platform-specific dirs, e.g. a \"user data dir\"."
optional = false
python-versions = ">=3.8"
groups = ["dev"]
files = [
    {file = "platformdirs-4.1.0-py3-none-any.whl", hash = "sha256:11c8f37bcca40db96d8144522d925583bdb7a31f7b0e37e3ed4318400a8e2380"},
    {file = "platformdirs-4.1.0.tar.gz", hash = "sha256:906d548203468492d432bcb294d4bc2fff751bf84971fbb2c10918cc206ee420"},
]

[package.extras]
docs = ["furo (>=2023.7.26)", "proselint (>=0.13)", "sphinx (>=7.1.1)", "sphinx-autodoc-typehints (>=1.24)"]
test = ["appdirs (==1.4.4)", "covdefaults (>=2.3)", "pytest (>=7.4)", "pytest-cov (>=4.1)", "pytest-mock (>=3.11.1)"]

[[package]]
name = "pluggy"
version = "1.5.0"
description = "plugin and hook calling mechanisms for python"
optional = false
python-versions = ">=3.8"
groups = ["dev"]
files = [
    {file = "pluggy-1.5.0-py3-none-any.whl", hash = "sha256:44e1ad92c8ca002de6377e165f3e0f1be63266ab4d554740532335b9d75ea669"},
    {file = "pluggy-1.5.0.tar.gz", hash = "sha256:2cffa88e94fdc978c4c574f15f9e59b7f4201d439195c3715ca9e2486f1d0cf1"},
]

[package.extras]
dev = ["pre-commit", "tox"]
testing = ["pytest", "pytest-benchmark"]

[[package]]
name = "pycodestyle"
version = "2.12.0"
description = "Python style guide checker"
optional = false
python-versions = ">=3.8"
groups = ["dev"]
files = [
    {file = "pycodestyle-2.12.0-py2.py3-none-any.whl", hash = "sha256:949a39f6b86c3e1515ba1787c2022131d165a8ad271b11370a8819aa070269e4"},
    {file = "pycodestyle-2.12.0.tar.gz", hash = "sha256:442f950141b4f43df752dd303511ffded3a04c2b6fb7f65980574f0c31e6e79c"},
]

[[package]]
name = "pydantic"
version = "2.7.0"
description = "Data validation using Python type hints"
optional = false
python-versions = ">=3.8"
groups = ["dev"]
files = [
    {file = "pydantic-2.7.0-py3-none-any.whl", hash = "sha256:9dee74a271705f14f9a1567671d144a851c675b072736f0a7b2608fd9e495352"},
    {file = "pydantic-2.7.0.tar.gz", hash = "sha256:b5ecdd42262ca2462e2624793551e80911a1e989f462910bb81aef974b4bb383"},
]

[package.dependencies]
annotated-types = ">=0.4.0"
pydantic-core = "2.18.1"
typing-extensions = ">=4.6.1"

[package.extras]
email = ["email-validator (>=2.0.0)"]

[[package]]
name = "pydantic-core"
version = "2.18.1"
description = "Core functionality for Pydantic validation and serialization"
optional = false
python-versions = ">=3.8"
groups = ["dev"]
files = [
    {file = "pydantic_core-2.18.1-cp310-cp310-macosx_10_12_x86_64.whl", hash = "sha256:ee9cf33e7fe14243f5ca6977658eb7d1042caaa66847daacbd2117adb258b226"},
    {file = "pydantic_core-2.18.1-cp310-cp310-macosx_11_0_arm64.whl", hash = "sha256:6b7bbb97d82659ac8b37450c60ff2e9f97e4eb0f8a8a3645a5568b9334b08b50"},
    {file = "pydantic_core-2.18.1-cp310-cp310-manylinux_2_17_aarch64.manylinux2014_aarch64.whl", hash = "sha256:df4249b579e75094f7e9bb4bd28231acf55e308bf686b952f43100a5a0be394c"},
    {file = "pydantic_core-2.18.1-cp310-cp310-manylinux_2_17_armv7l.manylinux2014_armv7l.whl", hash = "sha256:d0491006a6ad20507aec2be72e7831a42efc93193d2402018007ff827dc62926"},
    {file = "pydantic_core-2.18.1-cp310-cp310-manylinux_2_17_ppc64le.manylinux2014_ppc64le.whl", hash = "sha256:2ae80f72bb7a3e397ab37b53a2b49c62cc5496412e71bc4f1277620a7ce3f52b"},
    {file = "pydantic_core-2.18.1-cp310-cp310-manylinux_2_17_s390x.manylinux2014_s390x.whl", hash = "sha256:58aca931bef83217fca7a390e0486ae327c4af9c3e941adb75f8772f8eeb03a1"},
    {file = "pydantic_core-2.18.1-cp310-cp310-manylinux_2_17_x86_64.manylinux2014_x86_64.whl", hash = "sha256:1be91ad664fc9245404a789d60cba1e91c26b1454ba136d2a1bf0c2ac0c0505a"},
    {file = "pydantic_core-2.18.1-cp310-cp310-manylinux_2_5_i686.manylinux1_i686.whl", hash = "sha256:667880321e916a8920ef49f5d50e7983792cf59f3b6079f3c9dac2b88a311d17"},
    {file = "pydantic_core-2.18.1-cp310-cp310-musllinux_1_1_aarch64.whl", hash = "sha256:f7054fdc556f5421f01e39cbb767d5ec5c1139ea98c3e5b350e02e62201740c7"},
    {file = "pydantic_core-2.18.1-cp310-cp310-musllinux_1_1_x86_64.whl", hash = "sha256:030e4f9516f9947f38179249778709a460a3adb516bf39b5eb9066fcfe43d0e6"},
    {file = "pydantic_core-2.18.1-cp310-none-win32.whl", hash = "sha256:2e91711e36e229978d92642bfc3546333a9127ecebb3f2761372e096395fc649"},
    {file = "pydantic_core-2.18.1-cp310-none-win_amd64.whl", hash = "sha256:9a29726f91c6cb390b3c2338f0df5cd3e216ad7a938762d11c994bb37552edb0"},
    {file = "pydantic_core-2.18.1-cp311-cp311-macosx_10_12_x86_64.whl", hash = "sha256:9ece8a49696669d483d206b4474c367852c44815fca23ac4e48b72b339807f80"},
    {file = "pydantic_core-2.18.1-cp311-cp311-macosx_11_0_arm64.whl", hash = "sha256:7a5d83efc109ceddb99abd2c1316298ced2adb4570410defe766851a804fcd5b"},
    {file = "pydantic_core-2.18.1-cp311-cp311-manylinux_2_17_aarch64.manylinux2014_aarch64.whl", hash = "sha256:5f7973c381283783cd1043a8c8f61ea5ce7a3a58b0369f0ee0ee975eaf2f2a1b"},
    {file = "pydantic_core-2.18.1-cp311-cp311-manylinux_2_17_armv7l.manylinux2014_armv7l.whl", hash = "sha256:54c7375c62190a7845091f521add19b0f026bcf6ae674bdb89f296972272e86d"},
    {file = "pydantic_core-2.18.1-cp311-cp311-manylinux_2_17_ppc64le.manylinux2014_ppc64le.whl", hash = "sha256:dd63cec4e26e790b70544ae5cc48d11b515b09e05fdd5eff12e3195f54b8a586"},
    {file = "pydantic_core-2.18.1-cp311-cp311-manylinux_2_17_s390x.manylinux2014_s390x.whl", hash = "sha256:561cf62c8a3498406495cfc49eee086ed2bb186d08bcc65812b75fda42c38294"},
    {file = "pydantic_core-2.18.1-cp311-cp311-manylinux_2_17_x86_64.manylinux2014_x86_64.whl", hash = "sha256:68717c38a68e37af87c4da20e08f3e27d7e4212e99e96c3d875fbf3f4812abfc"},
    {file = "pydantic_core-2.18.1-cp311-cp311-manylinux_2_5_i686.manylinux1_i686.whl", hash = "sha256:2d5728e93d28a3c63ee513d9ffbac9c5989de8c76e049dbcb5bfe4b923a9739d"},
    {file = "pydantic_core-2.18.1-cp311-cp311-musllinux_1_1_aarch64.whl", hash = "sha256:f0f17814c505f07806e22b28856c59ac80cee7dd0fbb152aed273e116378f519"},
    {file = "pydantic_core-2.18.1-cp311-cp311-musllinux_1_1_x86_64.whl", hash = "sha256:d816f44a51ba5175394bc6c7879ca0bd2be560b2c9e9f3411ef3a4cbe644c2e9"},
    {file = "pydantic_core-2.18.1-cp311-none-win32.whl", hash = "sha256:09f03dfc0ef8c22622eaa8608caa4a1e189cfb83ce847045eca34f690895eccb"},
    {file = "pydantic_core-2.18.1-cp311-none-win_amd64.whl", hash = "sha256:27f1009dc292f3b7ca77feb3571c537276b9aad5dd4efb471ac88a8bd09024e9"},
    {file = "pydantic_core-2.18.1-cp311-none-win_arm64.whl", hash = "sha256:48dd883db92e92519201f2b01cafa881e5f7125666141a49ffba8b9facc072b0"},
    {file = "pydantic_core-2.18.1-cp312-cp312-macosx_10_12_x86_64.whl", hash = "sha256:b6b0e4912030c6f28bcb72b9ebe4989d6dc2eebcd2a9cdc35fefc38052dd4fe8"},
    {file = "pydantic_core-2.18.1-cp312-cp312-macosx_11_0_arm64.whl", hash = "sha256:f3202a429fe825b699c57892d4371c74cc3456d8d71b7f35d6028c96dfecad31"},
    {file = "pydantic_core-2.18.1-cp312-cp312-manylinux_2_17_aarch64.manylinux2014_aarch64.whl", hash = "sha256:a3982b0a32d0a88b3907e4b0dc36809fda477f0757c59a505d4e9b455f384b8b"},
    {file = "pydantic_core-2.18.1-cp312-cp312-manylinux_2_17_armv7l.manylinux2014_armv7l.whl", hash = "sha256:25595ac311f20e5324d1941909b0d12933f1fd2171075fcff763e90f43e92a0d"},
    {file = "pydantic_core-2.18.1-cp312-cp312-manylinux_2_17_ppc64le.manylinux2014_ppc64le.whl", hash = "sha256:14fe73881cf8e4cbdaded8ca0aa671635b597e42447fec7060d0868b52d074e6"},
    {file = "pydantic_core-2.18.1-cp312-cp312-manylinux_2_17_s390x.manylinux2014_s390x.whl", hash = "sha256:ca976884ce34070799e4dfc6fbd68cb1d181db1eefe4a3a94798ddfb34b8867f"},
    {file = "pydantic_core-2.18.1-cp312-cp312-manylinux_2_17_x86_64.manylinux2014_x86_64.whl", hash = "sha256:684d840d2c9ec5de9cb397fcb3f36d5ebb6fa0d94734f9886032dd796c1ead06"},
    {file = "pydantic_core-2.18.1-cp312-cp312-manylinux_2_5_i686.manylinux1_i686.whl", hash = "sha256:54764c083bbe0264f0f746cefcded6cb08fbbaaf1ad1d78fb8a4c30cff999a90"},
    {file = "pydantic_core-2.18.1-cp312-cp312-musllinux_1_1_aarch64.whl", hash = "sha256:201713f2f462e5c015b343e86e68bd8a530a4f76609b33d8f0ec65d2b921712a"},
    {file = "pydantic_core-2.18.1-cp312-cp312-musllinux_1_1_x86_64.whl", hash = "sha256:fd1a9edb9dd9d79fbeac1ea1f9a8dd527a6113b18d2e9bcc0d541d308dae639b"},
    {file = "pydantic_core-2.18.1-cp312-none-win32.whl", hash = "sha256:d5e6b7155b8197b329dc787356cfd2684c9d6a6b1a197f6bbf45f5555a98d411"},
    {file = "pydantic_core-2.18.1-cp312-none-win_amd64.whl", hash = "sha256:9376d83d686ec62e8b19c0ac3bf8d28d8a5981d0df290196fb6ef24d8a26f0d6"},
    {file = "pydantic_core-2.18.1-cp312-none-win_arm64.whl", hash = "sha256:c562b49c96906b4029b5685075fe1ebd3b5cc2601dfa0b9e16c2c09d6cbce048"},
    {file = "pydantic_core-2.18.1-cp38-cp38-macosx_10_12_x86_64.whl", hash = "sha256:3e352f0191d99fe617371096845070dee295444979efb8f27ad941227de6ad09"},
    {file = "pydantic_core-2.18.1-cp38-cp38-macosx_11_0_arm64.whl", hash = "sha256:c0295d52b012cbe0d3059b1dba99159c3be55e632aae1999ab74ae2bd86a33d7"},
    {file = "pydantic_core-2.18.1-cp38-cp38-manylinux_2_17_aarch64.manylinux2014_aarch64.whl", hash = "sha256:56823a92075780582d1ffd4489a2e61d56fd3ebb4b40b713d63f96dd92d28144"},
    {file = "pydantic_core-2.18.1-cp38-cp38-manylinux_2_17_armv7l.manylinux2014_armv7l.whl", hash = "sha256:dd3f79e17b56741b5177bcc36307750d50ea0698df6aa82f69c7db32d968c1c2"},
    {file = "pydantic_core-2.18.1-cp38-cp38-manylinux_2_17_ppc64le.manylinux2014_ppc64le.whl", hash = "sha256:38a5024de321d672a132b1834a66eeb7931959c59964b777e8f32dbe9523f6b1"},
    {file = "pydantic_core-2.18.1-cp38-cp38-manylinux_2_17_s390x.manylinux2014_s390x.whl", hash = "sha256:d2ce426ee691319d4767748c8e0895cfc56593d725594e415f274059bcf3cb76"},
    {file = "pydantic_core-2.18.1-cp38-cp38-manylinux_2_17_x86_64.manylinux2014_x86_64.whl", hash = "sha256:2adaeea59849ec0939af5c5d476935f2bab4b7f0335b0110f0f069a41024278e"},
    {file = "pydantic_core-2.18.1-cp38-cp38-manylinux_2_5_i686.manylinux1_i686.whl", hash = "sha256:9b6431559676a1079eac0f52d6d0721fb8e3c5ba43c37bc537c8c83724031feb"},
    {file = "pydantic_core-2.18.1-cp38-cp38-musllinux_1_1_aarch64.whl", hash = "sha256:85233abb44bc18d16e72dc05bf13848a36f363f83757541f1a97db2f8d58cfd9"},
    {file = "pydantic_core-2.18.1-cp38-cp38-musllinux_1_1_x86_64.whl", hash = "sha256:641a018af4fe48be57a2b3d7a1f0f5dbca07c1d00951d3d7463f0ac9dac66622"},
    {file = "pydantic_core-2.18.1-cp38-none-win32.whl", hash = "sha256:63d7523cd95d2fde0d28dc42968ac731b5bb1e516cc56b93a50ab293f4daeaad"},
    {file = "pydantic_core-2.18.1-cp38-none-win_amd64.whl", hash = "sha256:907a4d7720abfcb1c81619863efd47c8a85d26a257a2dbebdb87c3b847df0278"},
    {file = "pydantic_core-2.18.1-cp39-cp39-macosx_10_12_x86_64.whl", hash = "sha256:aad17e462f42ddbef5984d70c40bfc4146c322a2da79715932cd8976317054de"},
    {file = "pydantic_core-2.18.1-cp39-cp39-macosx_11_0_arm64.whl", hash = "sha256:94b9769ba435b598b547c762184bcfc4783d0d4c7771b04a3b45775c3589ca44"},
    {file = "pydantic_core-2.18.1-cp39-cp39-manylinux_2_17_aarch64.manylinux2014_aarch64.whl", hash = "sha256:80e0e57cc704a52fb1b48f16d5b2c8818da087dbee6f98d9bf19546930dc64b5"},
    {file = "pydantic_core-2.18.1-cp39-cp39-manylinux_2_17_armv7l.manylinux2014_armv7l.whl", hash = "sha256:76b86e24039c35280ceee6dce7e62945eb93a5175d43689ba98360ab31eebc4a"},
    {file = "pydantic_core-2.18.1-cp39-cp39-manylinux_2_17_ppc64le.manylinux2014_ppc64le.whl", hash = "sha256:12a05db5013ec0ca4a32cc6433f53faa2a014ec364031408540ba858c2172bb0"},
    {file = "pydantic_core-2.18.1-cp39-cp39-manylinux_2_17_s390x.manylinux2014_s390x.whl", hash = "sha256:250ae39445cb5475e483a36b1061af1bc233de3e9ad0f4f76a71b66231b07f88"},
    {file = "pydantic_core-2.18.1-cp39-cp39-manylinux_2_17_x86_64.manylinux2014_x86_64.whl", hash = "sha256:a32204489259786a923e02990249c65b0f17235073149d0033efcebe80095570"},
    {file = "pydantic_core-2.18.1-cp39-cp39-manylinux_2_5_i686.manylinux1_i686.whl", hash = "sha256:6395a4435fa26519fd96fdccb77e9d00ddae9dd6c742309bd0b5610609ad7fb2"},
    {file = "pydantic_core-2.18.1-cp39-cp39-musllinux_1_1_aarch64.whl", hash = "sha256:2533ad2883f001efa72f3d0e733fb846710c3af6dcdd544fe5bf14fa5fe2d7db"},
    {file = "pydantic_core-2.18.1-cp39-cp39-musllinux_1_1_x86_64.whl", hash = "sha256:b560b72ed4816aee52783c66854d96157fd8175631f01ef58e894cc57c84f0f6"},
    {file = "pydantic_core-2.18.1-cp39-none-win32.whl", hash = "sha256:582cf2cead97c9e382a7f4d3b744cf0ef1a6e815e44d3aa81af3ad98762f5a9b"},
    {file = "pydantic_core-2.18.1-cp39-none-win_amd64.whl", hash = "sha256:ca71d501629d1fa50ea7fa3b08ba884fe10cefc559f5c6c8dfe9036c16e8ae89"},
    {file = "pydantic_core-2.18.1-pp310-pypy310_pp73-macosx_10_12_x86_64.whl", hash = "sha256:e178e5b66a06ec5bf51668ec0d4ac8cfb2bdcb553b2c207d58148340efd00143"},
    {file = "pydantic_core-2.18.1-pp310-pypy310_pp73-macosx_11_0_arm64.whl", hash = "sha256:72722ce529a76a4637a60be18bd789d8fb871e84472490ed7ddff62d5fed620d"},
    {file = "pydantic_core-2.18.1-pp310-pypy310_pp73-manylinux_2_17_aarch64.manylinux2014_aarch64.whl", hash = "sha256:2fe0c1ce5b129455e43f941f7a46f61f3d3861e571f2905d55cdbb8b5c6f5e2c"},
    {file = "pydantic_core-2.18.1-pp310-pypy310_pp73-manylinux_2_17_x86_64.manylinux2014_x86_64.whl", hash = "sha256:d4284c621f06a72ce2cb55f74ea3150113d926a6eb78ab38340c08f770eb9b4d"},
    {file = "pydantic_core-2.18.1-pp310-pypy310_pp73-manylinux_2_5_i686.manylinux1_i686.whl", hash = "sha256:1a0c3e718f4e064efde68092d9d974e39572c14e56726ecfaeebbe6544521f47"},
    {file = "pydantic_core-2.18.1-pp310-pypy310_pp73-musllinux_1_1_aarch64.whl", hash = "sha256:2027493cc44c23b598cfaf200936110433d9caa84e2c6cf487a83999638a96ac"},
    {file = "pydantic_core-2.18.1-pp310-pypy310_pp73-musllinux_1_1_x86_64.whl", hash = "sha256:76909849d1a6bffa5a07742294f3fa1d357dc917cb1fe7b470afbc3a7579d539"},
    {file = "pydantic_core-2.18.1-pp310-pypy310_pp73-win_amd64.whl", hash = "sha256:ee7ccc7fb7e921d767f853b47814c3048c7de536663e82fbc37f5eb0d532224b"},
    {file = "pydantic_core-2.18.1-pp39-pypy39_pp73-macosx_10_12_x86_64.whl", hash = "sha256:ee2794111c188548a4547eccc73a6a8527fe2af6cf25e1a4ebda2fd01cdd2e60"},
    {file = "pydantic_core-2.18.1-pp39-pypy39_pp73-macosx_11_0_arm64.whl", hash = "sha256:a139fe9f298dc097349fb4f28c8b81cc7a202dbfba66af0e14be5cfca4ef7ce5"},
    {file = "pydantic_core-2.18.1-pp39-pypy39_pp73-manylinux_2_17_aarch64.manylinux2014_aarch64.whl", hash = "sha256:d074b07a10c391fc5bbdcb37b2f16f20fcd9e51e10d01652ab298c0d07908ee2"},
    {file = "pydantic_core-2.18.1-pp39-pypy39_pp73-manylinux_2_17_x86_64.manylinux2014_x86_64.whl", hash = "sha256:c69567ddbac186e8c0aadc1f324a60a564cfe25e43ef2ce81bcc4b8c3abffbae"},
    {file = "pydantic_core-2.18.1-pp39-pypy39_pp73-manylinux_2_5_i686.manylinux1_i686.whl", hash = "sha256:baf1c7b78cddb5af00971ad5294a4583188bda1495b13760d9f03c9483bb6203"},
    {file = "pydantic_core-2.18.1-pp39-pypy39_pp73-musllinux_1_1_aarch64.whl", hash = "sha256:2684a94fdfd1b146ff10689c6e4e815f6a01141781c493b97342cdc5b06f4d5d"},
    {file = "pydantic_core-2.18.1-pp39-pypy39_pp73-musllinux_1_1_x86_64.whl", hash = "sha256:73c1bc8a86a5c9e8721a088df234265317692d0b5cd9e86e975ce3bc3db62a59"},
    {file = "pydantic_core-2.18.1-pp39-pypy39_pp73-win_amd64.whl", hash = "sha256:e60defc3c15defb70bb38dd605ff7e0fae5f6c9c7cbfe0ad7868582cb7e844a6"},
    {file = "pydantic_core-2.18.1.tar.gz", hash = "sha256:de9d3e8717560eb05e28739d1b35e4eac2e458553a52a301e51352a7ffc86a35"},
]

[package.dependencies]
typing-extensions = ">=4.6.0,<4.7.0 || >4.7.0"

[[package]]
name = "pyflakes"
version = "3.2.0"
description = "passive checker of Python programs"
optional = false
python-versions = ">=3.8"
groups = ["dev"]
files = [
    {file = "pyflakes-3.2.0-py2.py3-none-any.whl", hash = "sha256:84b5be138a2dfbb40689ca07e2152deb896a65c3a3e24c251c5c62489568074a"},
    {file = "pyflakes-3.2.0.tar.gz", hash = "sha256:1c61603ff154621fb2a9172037d84dca3500def8c8b630657d1701f026f8af3f"},
]

[[package]]
name = "pygments"
version = "2.19.1"
description = "Pygments is a syntax highlighting package written in Python."
optional = false
python-versions = ">=3.8"
groups = ["dev"]
files = [
    {file = "pygments-2.19.1-py3-none-any.whl", hash = "sha256:9ea1544ad55cecf4b8242fab6dd35a93bbce657034b0611ee383099054ab6d8c"},
    {file = "pygments-2.19.1.tar.gz", hash = "sha256:61c16d2a8576dc0649d9f39e089b5f02bcd27fba10d8fb4dcc28173f7a45151f"},
]

[package.extras]
windows-terminal = ["colorama (>=0.4.6)"]

[[package]]
name = "pyprojroot"
version = "0.3.0"
description = "Project-oriented workflow in Python"
optional = false
python-versions = ">=3.7"
groups = ["dev"]
files = [
    {file = "pyprojroot-0.3.0-py3-none-any.whl", hash = "sha256:c426b51b17ab4f4d4f95b479cf5b6c22df59bb58fbd4f01b37a6977d29b99888"},
    {file = "pyprojroot-0.3.0.tar.gz", hash = "sha256:109705bb790968704958efcfc5ccce85d8e3dafa054897cc81371fcbbf56cb10"},
]

[package.dependencies]
typing-extensions = "*"

[[package]]
name = "pytest"
version = "8.4.0"
description = "pytest: simple powerful testing with Python"
optional = false
python-versions = ">=3.9"
groups = ["dev"]
files = [
    {file = "pytest-8.4.0-py3-none-any.whl", hash = "sha256:f40f825768ad76c0977cbacdf1fd37c6f7a468e460ea6a0636078f8972d4517e"},
    {file = "pytest-8.4.0.tar.gz", hash = "sha256:14d920b48472ea0dbf68e45b96cd1ffda4705f33307dcc86c676c1b5104838a6"},
]

[package.dependencies]
colorama = {version = ">=0.4", markers = "sys_platform == \"win32\""}
iniconfig = ">=1"
packaging = ">=20"
pluggy = ">=1.5,<2"
pygments = ">=2.7.2"

[package.extras]
dev = ["argcomplete", "attrs (>=19.2)", "hypothesis (>=3.56)", "mock", "requests", "setuptools", "xmlschema"]

[[package]]
name = "sh"
version = "2.0.6"
description = "Python subprocess replacement"
optional = false
python-versions = ">=3.8.1,<4.0"
groups = ["dev"]
files = [
    {file = "sh-2.0.6-py3-none-any.whl", hash = "sha256:ced8f2e081a858b66a46ace3703dec243779abbd5a1887ba7e3c34f34da70cd2"},
    {file = "sh-2.0.6.tar.gz", hash = "sha256:9b2998f313f201c777e2c0061f0b1367497097ef13388595be147e2a00bf7ba1"},
]

[[package]]
name = "toml"
version = "0.10.2"
description = "Python Library for Tom's Obvious, Minimal Language"
optional = false
python-versions = ">=2.6, !=3.0.*, !=3.1.*, !=3.2.*"
groups = ["dev"]
files = [
    {file = "toml-0.10.2-py2.py3-none-any.whl", hash = "sha256:806143ae5bfb6a3c6e736a764057db0e6a0e05e338b5630894a5f779cabb4f9b"},
    {file = "toml-0.10.2.tar.gz", hash = "sha256:b3bda1d108d5dd99f4a20d24d9c348e91c4db7ab1b749200bded2f839ccbe68f"},
]

[[package]]
name = "typing-extensions"
version = "4.8.0"
description = "Backported and Experimental Type Hints for Python 3.8+"
optional = false
python-versions = ">=3.8"
groups = ["dev"]
files = [
    {file = "typing_extensions-4.8.0-py3-none-any.whl", hash = "sha256:8f92fc8806f9a6b641eaa5318da32b44d401efaac0f6678c9bc448ba3605faa0"},
    {file = "typing_extensions-4.8.0.tar.gz", hash = "sha256:df8e4339e9cb77357558cbdbceca33c303714cf861d1eef15e1070055ae8b7ef"},
]

[[package]]
name = "xdg"
version = "6.0.0"
description = "Variables defined by the XDG Base Directory Specification"
optional = false
python-versions = ">=3.7,<4.0"
groups = ["dev"]
files = [
    {file = "xdg-6.0.0-py3-none-any.whl", hash = "sha256:df3510755b4395157fc04fc3b02467c777f3b3ca383257397f09ab0d4c16f936"},
    {file = "xdg-6.0.0.tar.gz", hash = "sha256:24278094f2d45e846d1eb28a2ebb92d7b67fc0cab5249ee3ce88c95f649a1c92"},
]

[metadata]
lock-version = "2.1"
python-versions = "^3.8.1"
content-hash = "8e07d195663f13eb437954af6cf4a27153a7352aed457bd427c124dfc60a4819"
